
Microsoft Visual Studio Solution File, Format Version 12.00
# Visual Studio 15
VisualStudioVersion = 15.0.26730.12
MinimumVisualStudioVersion = 10.0.40219.1
Project("{8BC9CEB8-8B4A-11D0-8D11-00A0C91BC942}") = "Brother", "Brother\Brother.vcxproj", "{B2AF2097-3BD4-4279-80A4-F2F0A89BA6DA}"
EndProject
Global
	GlobalSection(SolutionConfigurationPlatforms) = preSolution
		Debug|x64 = Debug|x64
		Debug|x86 = Debug|x86
		Release|x64 = Release|x64
		Release|x86 = Release|x86
	EndGlobalSection
	GlobalSection(ProjectConfigurationPlatforms) = postSolution
		{B2AF2097-3BD4-4279-80A4-F2F0A89BA6DA}.Debug|x64.ActiveCfg = Debug|x64
		{B2AF2097-3BD4-4279-80A4-F2F0A89BA6DA}.Debug|x64.Build.0 = Debug|x64
		{B2AF2097-3BD4-4279-80A4-F2F0A89BA6DA}.Debug|x86.ActiveCfg = Debug|Win32
		{B2AF2097-3BD4-4279-80A4-F2F0A89BA6DA}.Debug|x86.Build.0 = Debug|Win32
		{B2AF2097-3BD4-4279-80A4-F2F0A89BA6DA}.Release|x64.ActiveCfg = Release|x64
		{B2AF2097-3BD4-4279-80A4-F2F0A89BA6DA}.Release|x64.Build.0 = Release|x64
		{B2AF2097-3BD4-4279-80A4-F2F0A89BA6DA}.Release|x86.ActiveCfg = Release|Win32
		{B2AF2097-3BD4-4279-80A4-F2F0A89BA6DA}.Release|x86.Build.0 = Release|Win32
	EndGlobalSection
	GlobalSection(SolutionProperties) = preSolution
		HideSolutionNode = FALSE
	EndGlobalSection
	GlobalSection(ExtensibilityGlobals) = postSolution
		SolutionGuid = {5832AAC8-5188-437C-9873-31842D04E3AE}
	EndGlobalSection
EndGlobal
